// !$*UTF8*$!
{
	archiveVersion = 1;
	classes = {
	};
	objectVersion = 51;
	objects = {

/* Begin PBXBuildFile section */
		AE2E82F5D36D7460962246C6 /* Pods_Apophis_AppJam.framework in Frameworks */ = {isa = PBXBuildFile; fileRef = 4EBA087ECB6A0930A2946DB1 /* Pods_Apophis_AppJam.framework */; };
		FCC78909259B79CD00422CD4 /* DrawingViewController.swift in Sources */ = {isa = PBXBuildFile; fileRef = FCC78908259B79CD00422CD4 /* DrawingViewController.swift */; };
		FD07156D2596E99700940094 /* AppDelegate.swift in Sources */ = {isa = PBXBuildFile; fileRef = FD07156C2596E99700940094 /* AppDelegate.swift */; };
		FD07156F2596E99700940094 /* SceneDelegate.swift in Sources */ = {isa = PBXBuildFile; fileRef = FD07156E2596E99700940094 /* SceneDelegate.swift */; };
		FD0715712596E99700940094 /* ViewController.swift in Sources */ = {isa = PBXBuildFile; fileRef = FD0715702596E99700940094 /* ViewController.swift */; };
		FD0715742596E99700940094 /* Main.storyboard in Resources */ = {isa = PBXBuildFile; fileRef = FD0715722596E99700940094 /* Main.storyboard */; };
		FD0715762596E99700940094 /* Assets.xcassets in Resources */ = {isa = PBXBuildFile; fileRef = FD0715752596E99700940094 /* Assets.xcassets */; };
		FD0715792596E99700940094 /* LaunchScreen.storyboard in Resources */ = {isa = PBXBuildFile; fileRef = FD0715772596E99700940094 /* LaunchScreen.storyboard */; };
		FD52077225998F7F00AAD1BA /* Day1.storyboard in Resources */ = {isa = PBXBuildFile; fileRef = FD52077125998F7F00AAD1BA /* Day1.storyboard */; };
		FD5207772599960800AAD1BA /* SampleView.swift in Sources */ = {isa = PBXBuildFile; fileRef = FD5207762599960800AAD1BA /* SampleView.swift */; };
		FD52078725999C8F00AAD1BA /* Day1ViewController.swift in Sources */ = {isa = PBXBuildFile; fileRef = FD52078625999C8F00AAD1BA /* Day1ViewController.swift */; };
		FD52078D2599A60200AAD1BA /* GmarketSansTTFBold.ttf in Resources */ = {isa = PBXBuildFile; fileRef = FD52078A2599A60200AAD1BA /* GmarketSansTTFBold.ttf */; };
		FD52078E2599A60200AAD1BA /* GmarketSansTTFLight.ttf in Resources */ = {isa = PBXBuildFile; fileRef = FD52078B2599A60200AAD1BA /* GmarketSansTTFLight.ttf */; };
		FD52078F2599A60200AAD1BA /* GmarketSansTTFMedium.ttf in Resources */ = {isa = PBXBuildFile; fileRef = FD52078C2599A60200AAD1BA /* GmarketSansTTFMedium.ttf */; };
		FD5207952599ACBF00AAD1BA /* ChatYourMessageCell.swift in Sources */ = {isa = PBXBuildFile; fileRef = FD5207942599ACBF00AAD1BA /* ChatYourMessageCell.swift */; };
		FD5207992599ACCF00AAD1BA /* ChatMyMessageCell.swift in Sources */ = {isa = PBXBuildFile; fileRef = FD5207982599ACCF00AAD1BA /* ChatMyMessageCell.swift */; };
		FD52079D2599AEA100AAD1BA /* SampleTableViewCell.swift in Sources */ = {isa = PBXBuildFile; fileRef = FD52079C2599AEA100AAD1BA /* SampleTableViewCell.swift */; };
		FD5207A12599AEBC00AAD1BA /* SampleViewController.swift in Sources */ = {isa = PBXBuildFile; fileRef = FD5207A02599AEBC00AAD1BA /* SampleViewController.swift */; };
		FD5207AA2599AF5900AAD1BA /* Day2.storyboard in Resources */ = {isa = PBXBuildFile; fileRef = FD5207A92599AF5900AAD1BA /* Day2.storyboard */; };
		FD5207AD2599AF5F00AAD1BA /* Day3.storyboard in Resources */ = {isa = PBXBuildFile; fileRef = FD5207AC2599AF5F00AAD1BA /* Day3.storyboard */; };
		FD5207B02599AF6800AAD1BA /* Day4.storyboard in Resources */ = {isa = PBXBuildFile; fileRef = FD5207AF2599AF6800AAD1BA /* Day4.storyboard */; };
		FD5207B32599AF7100AAD1BA /* Day5.storyboard in Resources */ = {isa = PBXBuildFile; fileRef = FD5207B22599AF7100AAD1BA /* Day5.storyboard */; };
		FD5207B62599AF7A00AAD1BA /* Day6.storyboard in Resources */ = {isa = PBXBuildFile; fileRef = FD5207B52599AF7A00AAD1BA /* Day6.storyboard */; };
		FD5207BA2599AF8500AAD1BA /* Day7.storyboard in Resources */ = {isa = PBXBuildFile; fileRef = FD5207B92599AF8500AAD1BA /* Day7.storyboard */; };
		FD5207BE2599B78E00AAD1BA /* ChatMessageDataModel.swift in Sources */ = {isa = PBXBuildFile; fileRef = FD5207BD2599B78E00AAD1BA /* ChatMessageDataModel.swift */; };
		FD5207C22599BA3E00AAD1BA /* ChatMessageWaitingCell.swift in Sources */ = {isa = PBXBuildFile; fileRef = FD5207C12599BA3E00AAD1BA /* ChatMessageWaitingCell.swift */; };
		FD6D0EBF259C520300993BBC /* youngjaeLabViewController.swift in Sources */ = {isa = PBXBuildFile; fileRef = FD6D0EBE259C520300993BBC /* youngjaeLabViewController.swift */; };
		FD6D0EC2259C520C00993BBC /* yukyungLabViewController.swift in Sources */ = {isa = PBXBuildFile; fileRef = FD6D0EC1259C520C00993BBC /* yukyungLabViewController.swift */; };
		FD6D0EC5259C521500993BBC /* jihunLabViewController.swift in Sources */ = {isa = PBXBuildFile; fileRef = FD6D0EC4259C521500993BBC /* jihunLabViewController.swift */; };
		FDA98B6A2596EE1C00F4DFDF /* view.xib in Resources */ = {isa = PBXBuildFile; fileRef = FDA98B692596EE1C00F4DFDF /* view.xib */; };
		FDA98B6F2596FA4200F4DFDF /* APIConstants.swift in Sources */ = {isa = PBXBuildFile; fileRef = FDA98B6E2596FA4200F4DFDF /* APIConstants.swift */; };
		FDA98B752597038900F4DFDF /* makeAlert + UIView.swift in Sources */ = {isa = PBXBuildFile; fileRef = FDA98B742597038900F4DFDF /* makeAlert + UIView.swift */; };
		FDA98B7A25970BA700F4DFDF /* TimeCalculate.swift in Sources */ = {isa = PBXBuildFile; fileRef = FDA98B7925970BA700F4DFDF /* TimeCalculate.swift */; };
		FDA98B7D25970D8A00F4DFDF /* SplashViewController.swift in Sources */ = {isa = PBXBuildFile; fileRef = FDA98B7C25970D8A00F4DFDF /* SplashViewController.swift */; };
		FDA98B832597104700F4DFDF /* ColorList.xcassets in Resources */ = {isa = PBXBuildFile; fileRef = FDA98B822597104700F4DFDF /* ColorList.xcassets */; };
		FDA98B862597133500F4DFDF /* NetworkResult.swift in Sources */ = {isa = PBXBuildFile; fileRef = FDA98B852597133500F4DFDF /* NetworkResult.swift */; };
		FDD0922A259AF58100B92529 /* sampleVideo.mp4 in Resources */ = {isa = PBXBuildFile; fileRef = FDD09229259AF58100B92529 /* sampleVideo.mp4 */; };
		FDD0922E259B01AF00B92529 /* IntroNewsCommentCell.swift in Sources */ = {isa = PBXBuildFile; fileRef = FDD0922D259B01AF00B92529 /* IntroNewsCommentCell.swift */; };
		FDD09233259B0B1900B92529 /* NewsCommentDataModel.swift in Sources */ = {isa = PBXBuildFile; fileRef = FDD09232259B0B1900B92529 /* NewsCommentDataModel.swift */; };
		FDD09237259B0DBB00B92529 /* scrollToBottom + UITableView.swift in Sources */ = {isa = PBXBuildFile; fileRef = FDD09236259B0DBB00B92529 /* scrollToBottom + UITableView.swift */; };
		FDD0923A259B3CD600B92529 /* IntroPhoneRingViewController.swift in Sources */ = {isa = PBXBuildFile; fileRef = FDD09239259B3CD600B92529 /* IntroPhoneRingViewController.swift */; };
		FDE2C7F32599D2EB006659DA /* GmarketFont + UIFont.swift in Sources */ = {isa = PBXBuildFile; fileRef = FDE2C7F22599D2EB006659DA /* GmarketFont + UIFont.swift */; };
		FDE2C7F62599D860006659DA /* numberOfLines + UITextView.swift in Sources */ = {isa = PBXBuildFile; fileRef = FDE2C7F52599D860006659DA /* numberOfLines + UITextView.swift */; };
		FDE2C7F9259A14AD006659DA /* Day2ViewController.swift in Sources */ = {isa = PBXBuildFile; fileRef = FDE2C7F8259A14AD006659DA /* Day2ViewController.swift */; };
		FDE2C7FC259A14FC006659DA /* Day3ViewController.swift in Sources */ = {isa = PBXBuildFile; fileRef = FDE2C7FB259A14FC006659DA /* Day3ViewController.swift */; };
		FDE2C806259A2D32006659DA /* Intro.storyboard in Resources */ = {isa = PBXBuildFile; fileRef = FDE2C805259A2D32006659DA /* Intro.storyboard */; };
		FDE2C80A259A2D7C006659DA /* IntroNewsViewController.swift in Sources */ = {isa = PBXBuildFile; fileRef = FDE2C809259A2D7C006659DA /* IntroNewsViewController.swift */; };
		FDFC0A5E259F240A00DFD5CF /* Day2SelectTimeViewController.swift in Sources */ = {isa = PBXBuildFile; fileRef = FDFC0A5D259F240A00DFD5CF /* Day2SelectTimeViewController.swift */; };
		FDFC0A62259F532B00DFD5CF /* makeCircleView + Designable.swift in Sources */ = {isa = PBXBuildFile; fileRef = FDFC0A61259F532B00DFD5CF /* makeCircleView + Designable.swift */; };
/* End PBXBuildFile section */

/* Begin PBXFileReference section */
		2727856C1D01EC217465EB2F /* Pods-Apophis_AppJam.release.xcconfig */ = {isa = PBXFileReference; includeInIndex = 1; lastKnownFileType = text.xcconfig; name = "Pods-Apophis_AppJam.release.xcconfig"; path = "Target Support Files/Pods-Apophis_AppJam/Pods-Apophis_AppJam.release.xcconfig"; sourceTree = "<group>"; };
		4EBA087ECB6A0930A2946DB1 /* Pods_Apophis_AppJam.framework */ = {isa = PBXFileReference; explicitFileType = wrapper.framework; includeInIndex = 0; path = Pods_Apophis_AppJam.framework; sourceTree = BUILT_PRODUCTS_DIR; };
		D23F09E174B44478E4702746 /* Pods-Apophis_AppJam.debug.xcconfig */ = {isa = PBXFileReference; includeInIndex = 1; lastKnownFileType = text.xcconfig; name = "Pods-Apophis_AppJam.debug.xcconfig"; path = "Target Support Files/Pods-Apophis_AppJam/Pods-Apophis_AppJam.debug.xcconfig"; sourceTree = "<group>"; };
		FCC78908259B79CD00422CD4 /* DrawingViewController.swift */ = {isa = PBXFileReference; lastKnownFileType = sourcecode.swift; path = DrawingViewController.swift; sourceTree = "<group>"; };
		FD0715692596E99700940094 /* Apophis_AppJam.app */ = {isa = PBXFileReference; explicitFileType = wrapper.application; includeInIndex = 0; path = Apophis_AppJam.app; sourceTree = BUILT_PRODUCTS_DIR; };
		FD07156C2596E99700940094 /* AppDelegate.swift */ = {isa = PBXFileReference; lastKnownFileType = sourcecode.swift; path = AppDelegate.swift; sourceTree = "<group>"; };
		FD07156E2596E99700940094 /* SceneDelegate.swift */ = {isa = PBXFileReference; lastKnownFileType = sourcecode.swift; path = SceneDelegate.swift; sourceTree = "<group>"; };
		FD0715702596E99700940094 /* ViewController.swift */ = {isa = PBXFileReference; lastKnownFileType = sourcecode.swift; path = ViewController.swift; sourceTree = "<group>"; };
		FD0715732596E99700940094 /* Base */ = {isa = PBXFileReference; lastKnownFileType = file.storyboard; name = Base; path = Base.lproj/Main.storyboard; sourceTree = "<group>"; };
		FD0715752596E99700940094 /* Assets.xcassets */ = {isa = PBXFileReference; lastKnownFileType = folder.assetcatalog; path = Assets.xcassets; sourceTree = "<group>"; };
		FD0715782596E99700940094 /* Base */ = {isa = PBXFileReference; lastKnownFileType = file.storyboard; name = Base; path = Base.lproj/LaunchScreen.storyboard; sourceTree = "<group>"; };
		FD07157A2596E99700940094 /* Info.plist */ = {isa = PBXFileReference; lastKnownFileType = text.plist.xml; path = Info.plist; sourceTree = "<group>"; };
		FD52077125998F7F00AAD1BA /* Day1.storyboard */ = {isa = PBXFileReference; lastKnownFileType = file.storyboard; path = Day1.storyboard; sourceTree = "<group>"; };
		FD5207762599960800AAD1BA /* SampleView.swift */ = {isa = PBXFileReference; lastKnownFileType = sourcecode.swift; path = SampleView.swift; sourceTree = "<group>"; };
		FD52078625999C8F00AAD1BA /* Day1ViewController.swift */ = {isa = PBXFileReference; lastKnownFileType = sourcecode.swift; path = Day1ViewController.swift; sourceTree = "<group>"; };
		FD52078A2599A60200AAD1BA /* GmarketSansTTFBold.ttf */ = {isa = PBXFileReference; lastKnownFileType = file; path = GmarketSansTTFBold.ttf; sourceTree = "<group>"; };
		FD52078B2599A60200AAD1BA /* GmarketSansTTFLight.ttf */ = {isa = PBXFileReference; lastKnownFileType = file; path = GmarketSansTTFLight.ttf; sourceTree = "<group>"; };
		FD52078C2599A60200AAD1BA /* GmarketSansTTFMedium.ttf */ = {isa = PBXFileReference; lastKnownFileType = file; path = GmarketSansTTFMedium.ttf; sourceTree = "<group>"; };
		FD5207942599ACBF00AAD1BA /* ChatYourMessageCell.swift */ = {isa = PBXFileReference; lastKnownFileType = sourcecode.swift; path = ChatYourMessageCell.swift; sourceTree = "<group>"; };
		FD5207982599ACCF00AAD1BA /* ChatMyMessageCell.swift */ = {isa = PBXFileReference; lastKnownFileType = sourcecode.swift; path = ChatMyMessageCell.swift; sourceTree = "<group>"; };
		FD52079C2599AEA100AAD1BA /* SampleTableViewCell.swift */ = {isa = PBXFileReference; lastKnownFileType = sourcecode.swift; path = SampleTableViewCell.swift; sourceTree = "<group>"; };
		FD5207A02599AEBC00AAD1BA /* SampleViewController.swift */ = {isa = PBXFileReference; lastKnownFileType = sourcecode.swift; path = SampleViewController.swift; sourceTree = "<group>"; };
		FD5207A92599AF5900AAD1BA /* Day2.storyboard */ = {isa = PBXFileReference; lastKnownFileType = file.storyboard; path = Day2.storyboard; sourceTree = "<group>"; };
		FD5207AC2599AF5F00AAD1BA /* Day3.storyboard */ = {isa = PBXFileReference; lastKnownFileType = file.storyboard; path = Day3.storyboard; sourceTree = "<group>"; };
		FD5207AF2599AF6800AAD1BA /* Day4.storyboard */ = {isa = PBXFileReference; lastKnownFileType = file.storyboard; path = Day4.storyboard; sourceTree = "<group>"; };
		FD5207B22599AF7100AAD1BA /* Day5.storyboard */ = {isa = PBXFileReference; lastKnownFileType = file.storyboard; path = Day5.storyboard; sourceTree = "<group>"; };
		FD5207B52599AF7A00AAD1BA /* Day6.storyboard */ = {isa = PBXFileReference; lastKnownFileType = file.storyboard; path = Day6.storyboard; sourceTree = "<group>"; };
		FD5207B92599AF8500AAD1BA /* Day7.storyboard */ = {isa = PBXFileReference; lastKnownFileType = file.storyboard; path = Day7.storyboard; sourceTree = "<group>"; };
		FD5207BD2599B78E00AAD1BA /* ChatMessageDataModel.swift */ = {isa = PBXFileReference; lastKnownFileType = sourcecode.swift; path = ChatMessageDataModel.swift; sourceTree = "<group>"; };
		FD5207C12599BA3E00AAD1BA /* ChatMessageWaitingCell.swift */ = {isa = PBXFileReference; lastKnownFileType = sourcecode.swift; path = ChatMessageWaitingCell.swift; sourceTree = "<group>"; };
		FD6D0EBE259C520300993BBC /* youngjaeLabViewController.swift */ = {isa = PBXFileReference; lastKnownFileType = sourcecode.swift; path = youngjaeLabViewController.swift; sourceTree = "<group>"; };
		FD6D0EC1259C520C00993BBC /* yukyungLabViewController.swift */ = {isa = PBXFileReference; lastKnownFileType = sourcecode.swift; path = yukyungLabViewController.swift; sourceTree = "<group>"; };
		FD6D0EC4259C521500993BBC /* jihunLabViewController.swift */ = {isa = PBXFileReference; lastKnownFileType = sourcecode.swift; path = jihunLabViewController.swift; sourceTree = "<group>"; };
		FDA98B692596EE1C00F4DFDF /* view.xib */ = {isa = PBXFileReference; lastKnownFileType = file.xib; path = view.xib; sourceTree = "<group>"; };
		FDA98B6E2596FA4200F4DFDF /* APIConstants.swift */ = {isa = PBXFileReference; lastKnownFileType = sourcecode.swift; path = APIConstants.swift; sourceTree = "<group>"; };
		FDA98B742597038900F4DFDF /* makeAlert + UIView.swift */ = {isa = PBXFileReference; lastKnownFileType = sourcecode.swift; path = "makeAlert + UIView.swift"; sourceTree = "<group>"; };
		FDA98B7925970BA700F4DFDF /* TimeCalculate.swift */ = {isa = PBXFileReference; lastKnownFileType = sourcecode.swift; path = TimeCalculate.swift; sourceTree = "<group>"; };
		FDA98B7C25970D8A00F4DFDF /* SplashViewController.swift */ = {isa = PBXFileReference; lastKnownFileType = sourcecode.swift; path = SplashViewController.swift; sourceTree = "<group>"; };
		FDA98B822597104700F4DFDF /* ColorList.xcassets */ = {isa = PBXFileReference; lastKnownFileType = folder.assetcatalog; path = ColorList.xcassets; sourceTree = "<group>"; };
		FDA98B852597133500F4DFDF /* NetworkResult.swift */ = {isa = PBXFileReference; lastKnownFileType = sourcecode.swift; path = NetworkResult.swift; sourceTree = "<group>"; };
		FDD09229259AF58100B92529 /* sampleVideo.mp4 */ = {isa = PBXFileReference; lastKnownFileType = file; path = sampleVideo.mp4; sourceTree = "<group>"; };
		FDD0922D259B01AF00B92529 /* IntroNewsCommentCell.swift */ = {isa = PBXFileReference; lastKnownFileType = sourcecode.swift; path = IntroNewsCommentCell.swift; sourceTree = "<group>"; };
		FDD09232259B0B1900B92529 /* NewsCommentDataModel.swift */ = {isa = PBXFileReference; lastKnownFileType = sourcecode.swift; path = NewsCommentDataModel.swift; sourceTree = "<group>"; };
		FDD09236259B0DBB00B92529 /* scrollToBottom + UITableView.swift */ = {isa = PBXFileReference; lastKnownFileType = sourcecode.swift; path = "scrollToBottom + UITableView.swift"; sourceTree = "<group>"; };
		FDD09239259B3CD600B92529 /* IntroPhoneRingViewController.swift */ = {isa = PBXFileReference; lastKnownFileType = sourcecode.swift; path = IntroPhoneRingViewController.swift; sourceTree = "<group>"; };
		FDE2C7F22599D2EB006659DA /* GmarketFont + UIFont.swift */ = {isa = PBXFileReference; lastKnownFileType = sourcecode.swift; path = "GmarketFont + UIFont.swift"; sourceTree = "<group>"; };
		FDE2C7F52599D860006659DA /* numberOfLines + UITextView.swift */ = {isa = PBXFileReference; lastKnownFileType = sourcecode.swift; path = "numberOfLines + UITextView.swift"; sourceTree = "<group>"; };
		FDE2C7F8259A14AD006659DA /* Day2ViewController.swift */ = {isa = PBXFileReference; lastKnownFileType = sourcecode.swift; path = Day2ViewController.swift; sourceTree = "<group>"; };
		FDE2C7FB259A14FC006659DA /* Day3ViewController.swift */ = {isa = PBXFileReference; lastKnownFileType = sourcecode.swift; path = Day3ViewController.swift; sourceTree = "<group>"; };
		FDE2C805259A2D32006659DA /* Intro.storyboard */ = {isa = PBXFileReference; lastKnownFileType = file.storyboard; path = Intro.storyboard; sourceTree = "<group>"; };
		FDE2C809259A2D7C006659DA /* IntroNewsViewController.swift */ = {isa = PBXFileReference; lastKnownFileType = sourcecode.swift; path = IntroNewsViewController.swift; sourceTree = "<group>"; };
		FDFC0A5D259F240A00DFD5CF /* Day2SelectTimeViewController.swift */ = {isa = PBXFileReference; lastKnownFileType = sourcecode.swift; path = Day2SelectTimeViewController.swift; sourceTree = "<group>"; };
		FDFC0A61259F532B00DFD5CF /* makeCircleView + Designable.swift */ = {isa = PBXFileReference; lastKnownFileType = sourcecode.swift; path = "makeCircleView + Designable.swift"; sourceTree = "<group>"; };
/* End PBXFileReference section */

/* Begin PBXFrameworksBuildPhase section */
		FD0715662596E99700940094 /* Frameworks */ = {
			isa = PBXFrameworksBuildPhase;
			buildActionMask = 2147483647;
			files = (
				AE2E82F5D36D7460962246C6 /* Pods_Apophis_AppJam.framework in Frameworks */,
			);
			runOnlyForDeploymentPostprocessing = 0;
		};
/* End PBXFrameworksBuildPhase section */

/* Begin PBXGroup section */
		B086E4AF5CA333E8748461F7 /* Frameworks */ = {
			isa = PBXGroup;
			children = (
				4EBA087ECB6A0930A2946DB1 /* Pods_Apophis_AppJam.framework */,
			);
			name = Frameworks;
			sourceTree = "<group>";
		};
		C707A94FC1E4F998292BF533 /* Pods */ = {
			isa = PBXGroup;
			children = (
				D23F09E174B44478E4702746 /* Pods-Apophis_AppJam.debug.xcconfig */,
				2727856C1D01EC217465EB2F /* Pods-Apophis_AppJam.release.xcconfig */,
			);
			path = Pods;
			sourceTree = "<group>";
		};
		FD0715602596E99700940094 = {
			isa = PBXGroup;
			children = (
				FD07156B2596E99700940094 /* Apophis_AppJam */,
				FD07156A2596E99700940094 /* Products */,
				C707A94FC1E4F998292BF533 /* Pods */,
				B086E4AF5CA333E8748461F7 /* Frameworks */,
			);
			sourceTree = "<group>";
		};
		FD07156A2596E99700940094 /* Products */ = {
			isa = PBXGroup;
			children = (
				FD0715692596E99700940094 /* Apophis_AppJam.app */,
			);
			name = Products;
			sourceTree = "<group>";
		};
		FD07156B2596E99700940094 /* Apophis_AppJam */ = {
			isa = PBXGroup;
			children = (
				FD0715842596EA9C00940094 /* Resource */,
				FD0715832596EA5900940094 /* Source */,
				FD07157A2596E99700940094 /* Info.plist */,
			);
			path = Apophis_AppJam;
			sourceTree = "<group>";
		};
		FD0715832596EA5900940094 /* Source */ = {
			isa = PBXGroup;
			children = (
				FD07156C2596E99700940094 /* AppDelegate.swift */,
				FD07156E2596E99700940094 /* SceneDelegate.swift */,
				FD5207742599950300AAD1BA /* Views */,
				FDA98B672596EDC600F4DFDF /* Extensions */,
				FDA98B662596EDB400F4DFDF /* Models */,
				FDA98B652596EDAE00F4DFDF /* ViewControllers */,
			);
			path = Source;
			sourceTree = "<group>";
		};
		FD0715842596EA9C00940094 /* Resource */ = {
			isa = PBXGroup;
			children = (
				FDA98B6C2596FA2D00F4DFDF /* Network */,
				FDA98B642596EDAA00F4DFDF /* Font */,
				FDA98B632596EDA200F4DFDF /* Assets */,
				FDA98B622596ED9D00F4DFDF /* Nibs */,
				FDA98B612596ED8600F4DFDF /* Storyboards */,
			);
			path = Resource;
			sourceTree = "<group>";
		};
		FD52077025998F6B00AAD1BA /* Day1 */ = {
			isa = PBXGroup;
			children = (
				FD52077125998F7F00AAD1BA /* Day1.storyboard */,
			);
			path = Day1;
			sourceTree = "<group>";
		};
		FD5207742599950300AAD1BA /* Views */ = {
			isa = PBXGroup;
			children = (
				FD5207762599960800AAD1BA /* SampleView.swift */,
			);
			path = Views;
			sourceTree = "<group>";
		};
		FD52077A259997A100AAD1BA /* Day1 */ = {
			isa = PBXGroup;
			children = (
				FD52078625999C8F00AAD1BA /* Day1ViewController.swift */,
			);
			path = Day1;
			sourceTree = "<group>";
		};
		FD52078325999C6400AAD1BA /* Day2 */ = {
			isa = PBXGroup;
			children = (
				FDE2C7F8259A14AD006659DA /* Day2ViewController.swift */,
				FDFC0A5D259F240A00DFD5CF /* Day2SelectTimeViewController.swift */,
			);
			path = Day2;
			sourceTree = "<group>";
		};
		FD52078425999C6700AAD1BA /* Day3 */ = {
			isa = PBXGroup;
			children = (
				FDE2C7FB259A14FC006659DA /* Day3ViewController.swift */,
				FCC78908259B79CD00422CD4 /* DrawingViewController.swift */,
			);
			path = Day3;
			sourceTree = "<group>";
		};
		FD5207922599AC9000AAD1BA /* Chatting */ = {
			isa = PBXGroup;
			children = (
				FD5207932599AC9F00AAD1BA /* Cells */,
			);
			path = Chatting;
			sourceTree = "<group>";
		};
		FD5207932599AC9F00AAD1BA /* Cells */ = {
			isa = PBXGroup;
			children = (
				FD5207942599ACBF00AAD1BA /* ChatYourMessageCell.swift */,
				FD5207982599ACCF00AAD1BA /* ChatMyMessageCell.swift */,
				FD5207C12599BA3E00AAD1BA /* ChatMessageWaitingCell.swift */,
			);
			path = Cells;
			sourceTree = "<group>";
		};
		FD52079B2599AE7C00AAD1BA /* MarkTemplate */ = {
			isa = PBXGroup;
			children = (
				FD52079C2599AEA100AAD1BA /* SampleTableViewCell.swift */,
				FD5207A02599AEBC00AAD1BA /* SampleViewController.swift */,
			);
			path = MarkTemplate;
			sourceTree = "<group>";
		};
		FD5207A32599AF3900AAD1BA /* Day2 */ = {
			isa = PBXGroup;
			children = (
				FD5207A92599AF5900AAD1BA /* Day2.storyboard */,
			);
			path = Day2;
			sourceTree = "<group>";
		};
		FD5207A42599AF3D00AAD1BA /* Day3 */ = {
			isa = PBXGroup;
			children = (
				FD5207AC2599AF5F00AAD1BA /* Day3.storyboard */,
			);
			path = Day3;
			sourceTree = "<group>";
		};
		FD5207A52599AF4000AAD1BA /* Day4 */ = {
			isa = PBXGroup;
			children = (
				FD5207AF2599AF6800AAD1BA /* Day4.storyboard */,
			);
			path = Day4;
			sourceTree = "<group>";
		};
		FD5207A62599AF4400AAD1BA /* Day5 */ = {
			isa = PBXGroup;
			children = (
				FD5207B22599AF7100AAD1BA /* Day5.storyboard */,
			);
			path = Day5;
			sourceTree = "<group>";
		};
		FD5207A72599AF4700AAD1BA /* Day6 */ = {
			isa = PBXGroup;
			children = (
				FD5207B52599AF7A00AAD1BA /* Day6.storyboard */,
			);
			path = Day6;
			sourceTree = "<group>";
		};
		FD5207A82599AF4B00AAD1BA /* Day7 */ = {
			isa = PBXGroup;
			children = (
				FD5207B92599AF8500AAD1BA /* Day7.storyboard */,
			);
			path = Day7;
			sourceTree = "<group>";
		};
		FD5207BC2599B77E00AAD1BA /* Chat */ = {
			isa = PBXGroup;
			children = (
				FD5207BD2599B78E00AAD1BA /* ChatMessageDataModel.swift */,
			);
			path = Chat;
			sourceTree = "<group>";
		};
		FD6D0EBC259C4B8B00993BBC /* Lab */ = {
			isa = PBXGroup;
			children = (
				FD6D0EBE259C520300993BBC /* youngjaeLabViewController.swift */,
				FD6D0EC1259C520C00993BBC /* yukyungLabViewController.swift */,
				FD6D0EC4259C521500993BBC /* jihunLabViewController.swift */,
			);
			path = Lab;
			sourceTree = "<group>";
		};
		FDA98B612596ED8600F4DFDF /* Storyboards */ = {
			isa = PBXGroup;
			children = (
				FDE2C804259A2691006659DA /* Intro */,
				FD5207A82599AF4B00AAD1BA /* Day7 */,
				FD5207A72599AF4700AAD1BA /* Day6 */,
				FD5207A62599AF4400AAD1BA /* Day5 */,
				FD5207A52599AF4000AAD1BA /* Day4 */,
				FD5207A42599AF3D00AAD1BA /* Day3 */,
				FD5207A32599AF3900AAD1BA /* Day2 */,
				FD52077025998F6B00AAD1BA /* Day1 */,
				FD0715772596E99700940094 /* LaunchScreen.storyboard */,
				FD0715722596E99700940094 /* Main.storyboard */,
			);
			path = Storyboards;
			sourceTree = "<group>";
		};
		FDA98B622596ED9D00F4DFDF /* Nibs */ = {
			isa = PBXGroup;
			children = (
				FDA98B692596EE1C00F4DFDF /* view.xib */,
			);
			path = Nibs;
			sourceTree = "<group>";
		};
		FDA98B632596EDA200F4DFDF /* Assets */ = {
			isa = PBXGroup;
			children = (
				FDD09229259AF58100B92529 /* sampleVideo.mp4 */,
				FD0715752596E99700940094 /* Assets.xcassets */,
				FDA98B822597104700F4DFDF /* ColorList.xcassets */,
			);
			path = Assets;
			sourceTree = "<group>";
		};
		FDA98B642596EDAA00F4DFDF /* Font */ = {
			isa = PBXGroup;
			children = (
				FD52078A2599A60200AAD1BA /* GmarketSansTTFBold.ttf */,
				FD52078B2599A60200AAD1BA /* GmarketSansTTFLight.ttf */,
				FD52078C2599A60200AAD1BA /* GmarketSansTTFMedium.ttf */,
			);
			path = Font;
			sourceTree = "<group>";
		};
		FDA98B652596EDAE00F4DFDF /* ViewControllers */ = {
			isa = PBXGroup;
			children = (
				FD6D0EBC259C4B8B00993BBC /* Lab */,
				FD52079B2599AE7C00AAD1BA /* MarkTemplate */,
				FD5207922599AC9000AAD1BA /* Chatting */,
				FDE2C808259A2D6E006659DA /* Intro */,
				FD52077A259997A100AAD1BA /* Day1 */,
				FD52078325999C6400AAD1BA /* Day2 */,
				FD52078425999C6700AAD1BA /* Day3 */,
				FDAE10B1259A535200485A08 /* Day4 */,
				FDAE10B2259A535700485A08 /* Day5 */,
				FDA98B722597024600F4DFDF /* Splash */,
				FD0715702596E99700940094 /* ViewController.swift */,
			);
			path = ViewControllers;
			sourceTree = "<group>";
		};
		FDA98B662596EDB400F4DFDF /* Models */ = {
			isa = PBXGroup;
			children = (
				FDD09231259B0B0E00B92529 /* Intro */,
				FD5207BC2599B77E00AAD1BA /* Chat */,
			);
			path = Models;
			sourceTree = "<group>";
		};
		FDA98B672596EDC600F4DFDF /* Extensions */ = {
			isa = PBXGroup;
			children = (
				FDFC0A60259F531500DFD5CF /* Designable */,
				FDA98B742597038900F4DFDF /* makeAlert + UIView.swift */,
				FDA98B7925970BA700F4DFDF /* TimeCalculate.swift */,
				FDE2C7F22599D2EB006659DA /* GmarketFont + UIFont.swift */,
				FDE2C7F52599D860006659DA /* numberOfLines + UITextView.swift */,
				FDD09236259B0DBB00B92529 /* scrollToBottom + UITableView.swift */,
			);
			path = Extensions;
			sourceTree = "<group>";
		};
		FDA98B6C2596FA2D00F4DFDF /* Network */ = {
			isa = PBXGroup;
			children = (
				FDA98B6D2596FA3600F4DFDF /* Services */,
				FDA98B6E2596FA4200F4DFDF /* APIConstants.swift */,
				FDA98B852597133500F4DFDF /* NetworkResult.swift */,
			);
			path = Network;
			sourceTree = "<group>";
		};
		FDA98B6D2596FA3600F4DFDF /* Services */ = {
			isa = PBXGroup;
			children = (
			);
			path = Services;
			sourceTree = "<group>";
		};
		FDA98B722597024600F4DFDF /* Splash */ = {
			isa = PBXGroup;
			children = (
				FDA98B7C25970D8A00F4DFDF /* SplashViewController.swift */,
			);
			path = Splash;
			sourceTree = "<group>";
		};
		FDAE10B1259A535200485A08 /* Day4 */ = {
			isa = PBXGroup;
			children = (
			);
			path = Day4;
			sourceTree = "<group>";
		};
		FDAE10B2259A535700485A08 /* Day5 */ = {
			isa = PBXGroup;
			children = (
			);
			path = Day5;
			sourceTree = "<group>";
		};
		FDD0922C259B019A00B92529 /* Cells */ = {
			isa = PBXGroup;
			children = (
				FDD0922D259B01AF00B92529 /* IntroNewsCommentCell.swift */,
			);
			path = Cells;
			sourceTree = "<group>";
		};
		FDD09231259B0B0E00B92529 /* Intro */ = {
			isa = PBXGroup;
			children = (
				FDD09232259B0B1900B92529 /* NewsCommentDataModel.swift */,
			);
			path = Intro;
			sourceTree = "<group>";
		};
		FDE2C804259A2691006659DA /* Intro */ = {
			isa = PBXGroup;
			children = (
				FDE2C805259A2D32006659DA /* Intro.storyboard */,
			);
			path = Intro;
			sourceTree = "<group>";
		};
		FDE2C808259A2D6E006659DA /* Intro */ = {
			isa = PBXGroup;
			children = (
				FDD0922C259B019A00B92529 /* Cells */,
				FDE2C809259A2D7C006659DA /* IntroNewsViewController.swift */,
				FDD09239259B3CD600B92529 /* IntroPhoneRingViewController.swift */,
			);
			path = Intro;
			sourceTree = "<group>";
		};
		FDFC0A60259F531500DFD5CF /* Designable */ = {
			isa = PBXGroup;
			children = (
				FDFC0A61259F532B00DFD5CF /* makeCircleView + Designable.swift */,
			);
			path = Designable;
			sourceTree = "<group>";
		};
/* End PBXGroup section */

/* Begin PBXNativeTarget section */
		FD0715682596E99700940094 /* Apophis_AppJam */ = {
			isa = PBXNativeTarget;
			buildConfigurationList = FD07157D2596E99700940094 /* Build configuration list for PBXNativeTarget "Apophis_AppJam" */;
			buildPhases = (
				9996B47CF6B0717C05E6884C /* [CP] Check Pods Manifest.lock */,
				FD0715652596E99700940094 /* Sources */,
				FD0715662596E99700940094 /* Frameworks */,
				FD0715672596E99700940094 /* Resources */,
				F59C33B05CF04BD32736E5E1 /* [CP] Embed Pods Frameworks */,
			);
			buildRules = (
			);
			dependencies = (
			);
			name = Apophis_AppJam;
			productName = Apophis_AppJam;
			productReference = FD0715692596E99700940094 /* Apophis_AppJam.app */;
			productType = "com.apple.product-type.application";
		};
/* End PBXNativeTarget section */

/* Begin PBXProject section */
		FD0715612596E99700940094 /* Project object */ = {
			isa = PBXProject;
			attributes = {
				LastSwiftUpdateCheck = 1230;
				LastUpgradeCheck = 1230;
				TargetAttributes = {
					FD0715682596E99700940094 = {
						CreatedOnToolsVersion = 12.3;
					};
				};
			};
			buildConfigurationList = FD0715642596E99700940094 /* Build configuration list for PBXProject "Apophis_AppJam" */;
			compatibilityVersion = "Xcode 9.3";
			developmentRegion = en;
			hasScannedForEncodings = 0;
			knownRegions = (
				en,
				Base,
			);
			mainGroup = FD0715602596E99700940094;
			productRefGroup = FD07156A2596E99700940094 /* Products */;
			projectDirPath = "";
			projectRoot = "";
			targets = (
				FD0715682596E99700940094 /* Apophis_AppJam */,
			);
		};
/* End PBXProject section */

/* Begin PBXResourcesBuildPhase section */
		FD0715672596E99700940094 /* Resources */ = {
			isa = PBXResourcesBuildPhase;
			buildActionMask = 2147483647;
			files = (
				FD5207AD2599AF5F00AAD1BA /* Day3.storyboard in Resources */,
				FD52078D2599A60200AAD1BA /* GmarketSansTTFBold.ttf in Resources */,
				FD52078E2599A60200AAD1BA /* GmarketSansTTFLight.ttf in Resources */,
				FDE2C806259A2D32006659DA /* Intro.storyboard in Resources */,
				FD5207AA2599AF5900AAD1BA /* Day2.storyboard in Resources */,
				FD5207B02599AF6800AAD1BA /* Day4.storyboard in Resources */,
				FDA98B6A2596EE1C00F4DFDF /* view.xib in Resources */,
				FD52077225998F7F00AAD1BA /* Day1.storyboard in Resources */,
				FD0715792596E99700940094 /* LaunchScreen.storyboard in Resources */,
				FD5207BA2599AF8500AAD1BA /* Day7.storyboard in Resources */,
				FD5207B62599AF7A00AAD1BA /* Day6.storyboard in Resources */,
				FDD0922A259AF58100B92529 /* sampleVideo.mp4 in Resources */,
				FD52078F2599A60200AAD1BA /* GmarketSansTTFMedium.ttf in Resources */,
				FD5207B32599AF7100AAD1BA /* Day5.storyboard in Resources */,
				FDA98B832597104700F4DFDF /* ColorList.xcassets in Resources */,
				FD0715762596E99700940094 /* Assets.xcassets in Resources */,
				FD0715742596E99700940094 /* Main.storyboard in Resources */,
			);
			runOnlyForDeploymentPostprocessing = 0;
		};
/* End PBXResourcesBuildPhase section */

/* Begin PBXShellScriptBuildPhase section */
		9996B47CF6B0717C05E6884C /* [CP] Check Pods Manifest.lock */ = {
			isa = PBXShellScriptBuildPhase;
			buildActionMask = 2147483647;
			files = (
			);
			inputFileListPaths = (
			);
			inputPaths = (
				"${PODS_PODFILE_DIR_PATH}/Podfile.lock",
				"${PODS_ROOT}/Manifest.lock",
			);
			name = "[CP] Check Pods Manifest.lock";
			outputFileListPaths = (
			);
			outputPaths = (
				"$(DERIVED_FILE_DIR)/Pods-Apophis_AppJam-checkManifestLockResult.txt",
			);
			runOnlyForDeploymentPostprocessing = 0;
			shellPath = /bin/sh;
			shellScript = "diff \"${PODS_PODFILE_DIR_PATH}/Podfile.lock\" \"${PODS_ROOT}/Manifest.lock\" > /dev/null\nif [ $? != 0 ] ; then\n    # print error to STDERR\n    echo \"error: The sandbox is not in sync with the Podfile.lock. Run 'pod install' or update your CocoaPods installation.\" >&2\n    exit 1\nfi\n# This output is used by Xcode 'outputs' to avoid re-running this script phase.\necho \"SUCCESS\" > \"${SCRIPT_OUTPUT_FILE_0}\"\n";
			showEnvVarsInLog = 0;
		};
		F59C33B05CF04BD32736E5E1 /* [CP] Embed Pods Frameworks */ = {
			isa = PBXShellScriptBuildPhase;
			buildActionMask = 2147483647;
			files = (
			);
			inputFileListPaths = (
				"${PODS_ROOT}/Target Support Files/Pods-Apophis_AppJam/Pods-Apophis_AppJam-frameworks-${CONFIGURATION}-input-files.xcfilelist",
			);
			name = "[CP] Embed Pods Frameworks";
			outputFileListPaths = (
				"${PODS_ROOT}/Target Support Files/Pods-Apophis_AppJam/Pods-Apophis_AppJam-frameworks-${CONFIGURATION}-output-files.xcfilelist",
			);
			runOnlyForDeploymentPostprocessing = 0;
			shellPath = /bin/sh;
			shellScript = "\"${PODS_ROOT}/Target Support Files/Pods-Apophis_AppJam/Pods-Apophis_AppJam-frameworks.sh\"\n";
			showEnvVarsInLog = 0;
		};
/* End PBXShellScriptBuildPhase section */

/* Begin PBXSourcesBuildPhase section */
		FD0715652596E99700940094 /* Sources */ = {
			isa = PBXSourcesBuildPhase;
			buildActionMask = 2147483647;
			files = (
				FDA98B6F2596FA4200F4DFDF /* APIConstants.swift in Sources */,
				FD5207772599960800AAD1BA /* SampleView.swift in Sources */,
				FDE2C7F9259A14AD006659DA /* Day2ViewController.swift in Sources */,
				FDE2C7F32599D2EB006659DA /* GmarketFont + UIFont.swift in Sources */,
				FD5207952599ACBF00AAD1BA /* ChatYourMessageCell.swift in Sources */,
				FDE2C7F62599D860006659DA /* numberOfLines + UITextView.swift in Sources */,
				FDA98B752597038900F4DFDF /* makeAlert + UIView.swift in Sources */,
				FDD0922E259B01AF00B92529 /* IntroNewsCommentCell.swift in Sources */,
				FDD0923A259B3CD600B92529 /* IntroPhoneRingViewController.swift in Sources */,
				FDD09237259B0DBB00B92529 /* scrollToBottom + UITableView.swift in Sources */,
				FD0715712596E99700940094 /* ViewController.swift in Sources */,
				FDA98B7A25970BA700F4DFDF /* TimeCalculate.swift in Sources */,
				FD6D0EC2259C520C00993BBC /* yukyungLabViewController.swift in Sources */,
				FD5207A12599AEBC00AAD1BA /* SampleViewController.swift in Sources */,
				FCC78909259B79CD00422CD4 /* DrawingViewController.swift in Sources */,
				FD07156D2596E99700940094 /* AppDelegate.swift in Sources */,
				FDA98B7D25970D8A00F4DFDF /* SplashViewController.swift in Sources */,
				FD52079D2599AEA100AAD1BA /* SampleTableViewCell.swift in Sources */,
				FDD09233259B0B1900B92529 /* NewsCommentDataModel.swift in Sources */,
				FD5207BE2599B78E00AAD1BA /* ChatMessageDataModel.swift in Sources */,
				FD07156F2596E99700940094 /* SceneDelegate.swift in Sources */,
				FD5207992599ACCF00AAD1BA /* ChatMyMessageCell.swift in Sources */,
				FDA98B862597133500F4DFDF /* NetworkResult.swift in Sources */,
				FD52078725999C8F00AAD1BA /* Day1ViewController.swift in Sources */,
				FD6D0EC5259C521500993BBC /* jihunLabViewController.swift in Sources */,
				FDFC0A5E259F240A00DFD5CF /* Day2SelectTimeViewController.swift in Sources */,
				FDE2C80A259A2D7C006659DA /* IntroNewsViewController.swift in Sources */,
				FD5207C22599BA3E00AAD1BA /* ChatMessageWaitingCell.swift in Sources */,
				FDFC0A62259F532B00DFD5CF /* makeCircleView + Designable.swift in Sources */,
				FD6D0EBF259C520300993BBC /* youngjaeLabViewController.swift in Sources */,
				FDE2C7FC259A14FC006659DA /* Day3ViewController.swift in Sources */,
			);
			runOnlyForDeploymentPostprocessing = 0;
		};
/* End PBXSourcesBuildPhase section */

/* Begin PBXVariantGroup section */
		FD0715722596E99700940094 /* Main.storyboard */ = {
			isa = PBXVariantGroup;
			children = (
				FD0715732596E99700940094 /* Base */,
			);
			name = Main.storyboard;
			sourceTree = "<group>";
		};
		FD0715772596E99700940094 /* LaunchScreen.storyboard */ = {
			isa = PBXVariantGroup;
			children = (
				FD0715782596E99700940094 /* Base */,
			);
			name = LaunchScreen.storyboard;
			sourceTree = "<group>";
		};
/* End PBXVariantGroup section */

/* Begin XCBuildConfiguration section */
		FD07157B2596E99700940094 /* Debug */ = {
			isa = XCBuildConfiguration;
			buildSettings = {
				ALWAYS_SEARCH_USER_PATHS = NO;
				CLANG_ANALYZER_NONNULL = YES;
				CLANG_ANALYZER_NUMBER_OBJECT_CONVERSION = YES_AGGRESSIVE;
				CLANG_CXX_LANGUAGE_STANDARD = "gnu++14";
				CLANG_CXX_LIBRARY = "libc++";
				CLANG_ENABLE_MODULES = YES;
				CLANG_ENABLE_OBJC_ARC = YES;
				CLANG_ENABLE_OBJC_WEAK = YES;
				CLANG_WARN_BLOCK_CAPTURE_AUTORELEASING = YES;
				CLANG_WARN_BOOL_CONVERSION = YES;
				CLANG_WARN_COMMA = YES;
				CLANG_WARN_CONSTANT_CONVERSION = YES;
				CLANG_WARN_DEPRECATED_OBJC_IMPLEMENTATIONS = YES;
				CLANG_WARN_DIRECT_OBJC_ISA_USAGE = YES_ERROR;
				CLANG_WARN_DOCUMENTATION_COMMENTS = YES;
				CLANG_WARN_EMPTY_BODY = YES;
				CLANG_WARN_ENUM_CONVERSION = YES;
				CLANG_WARN_INFINITE_RECURSION = YES;
				CLANG_WARN_INT_CONVERSION = YES;
				CLANG_WARN_NON_LITERAL_NULL_CONVERSION = YES;
				CLANG_WARN_OBJC_IMPLICIT_RETAIN_SELF = YES;
				CLANG_WARN_OBJC_LITERAL_CONVERSION = YES;
				CLANG_WARN_OBJC_ROOT_CLASS = YES_ERROR;
				CLANG_WARN_QUOTED_INCLUDE_IN_FRAMEWORK_HEADER = YES;
				CLANG_WARN_RANGE_LOOP_ANALYSIS = YES;
				CLANG_WARN_STRICT_PROTOTYPES = YES;
				CLANG_WARN_SUSPICIOUS_MOVE = YES;
				CLANG_WARN_UNGUARDED_AVAILABILITY = YES_AGGRESSIVE;
				CLANG_WARN_UNREACHABLE_CODE = YES;
				CLANG_WARN__DUPLICATE_METHOD_MATCH = YES;
				COPY_PHASE_STRIP = NO;
				DEBUG_INFORMATION_FORMAT = dwarf;
				ENABLE_STRICT_OBJC_MSGSEND = YES;
				ENABLE_TESTABILITY = YES;
				GCC_C_LANGUAGE_STANDARD = gnu11;
				GCC_DYNAMIC_NO_PIC = NO;
				GCC_NO_COMMON_BLOCKS = YES;
				GCC_OPTIMIZATION_LEVEL = 0;
				GCC_PREPROCESSOR_DEFINITIONS = (
					"DEBUG=1",
					"$(inherited)",
				);
				GCC_WARN_64_TO_32_BIT_CONVERSION = YES;
				GCC_WARN_ABOUT_RETURN_TYPE = YES_ERROR;
				GCC_WARN_UNDECLARED_SELECTOR = YES;
				GCC_WARN_UNINITIALIZED_AUTOS = YES_AGGRESSIVE;
				GCC_WARN_UNUSED_FUNCTION = YES;
				GCC_WARN_UNUSED_VARIABLE = YES;
				IPHONEOS_DEPLOYMENT_TARGET = 13.4;
				MTL_ENABLE_DEBUG_INFO = INCLUDE_SOURCE;
				MTL_FAST_MATH = YES;
				ONLY_ACTIVE_ARCH = YES;
				SDKROOT = iphoneos;
				SWIFT_ACTIVE_COMPILATION_CONDITIONS = DEBUG;
				SWIFT_OPTIMIZATION_LEVEL = "-Onone";
			};
			name = Debug;
		};
		FD07157C2596E99700940094 /* Release */ = {
			isa = XCBuildConfiguration;
			buildSettings = {
				ALWAYS_SEARCH_USER_PATHS = NO;
				CLANG_ANALYZER_NONNULL = YES;
				CLANG_ANALYZER_NUMBER_OBJECT_CONVERSION = YES_AGGRESSIVE;
				CLANG_CXX_LANGUAGE_STANDARD = "gnu++14";
				CLANG_CXX_LIBRARY = "libc++";
				CLANG_ENABLE_MODULES = YES;
				CLANG_ENABLE_OBJC_ARC = YES;
				CLANG_ENABLE_OBJC_WEAK = YES;
				CLANG_WARN_BLOCK_CAPTURE_AUTORELEASING = YES;
				CLANG_WARN_BOOL_CONVERSION = YES;
				CLANG_WARN_COMMA = YES;
				CLANG_WARN_CONSTANT_CONVERSION = YES;
				CLANG_WARN_DEPRECATED_OBJC_IMPLEMENTATIONS = YES;
				CLANG_WARN_DIRECT_OBJC_ISA_USAGE = YES_ERROR;
				CLANG_WARN_DOCUMENTATION_COMMENTS = YES;
				CLANG_WARN_EMPTY_BODY = YES;
				CLANG_WARN_ENUM_CONVERSION = YES;
				CLANG_WARN_INFINITE_RECURSION = YES;
				CLANG_WARN_INT_CONVERSION = YES;
				CLANG_WARN_NON_LITERAL_NULL_CONVERSION = YES;
				CLANG_WARN_OBJC_IMPLICIT_RETAIN_SELF = YES;
				CLANG_WARN_OBJC_LITERAL_CONVERSION = YES;
				CLANG_WARN_OBJC_ROOT_CLASS = YES_ERROR;
				CLANG_WARN_QUOTED_INCLUDE_IN_FRAMEWORK_HEADER = YES;
				CLANG_WARN_RANGE_LOOP_ANALYSIS = YES;
				CLANG_WARN_STRICT_PROTOTYPES = YES;
				CLANG_WARN_SUSPICIOUS_MOVE = YES;
				CLANG_WARN_UNGUARDED_AVAILABILITY = YES_AGGRESSIVE;
				CLANG_WARN_UNREACHABLE_CODE = YES;
				CLANG_WARN__DUPLICATE_METHOD_MATCH = YES;
				COPY_PHASE_STRIP = NO;
				DEBUG_INFORMATION_FORMAT = "dwarf-with-dsym";
				ENABLE_NS_ASSERTIONS = NO;
				ENABLE_STRICT_OBJC_MSGSEND = YES;
				GCC_C_LANGUAGE_STANDARD = gnu11;
				GCC_NO_COMMON_BLOCKS = YES;
				GCC_WARN_64_TO_32_BIT_CONVERSION = YES;
				GCC_WARN_ABOUT_RETURN_TYPE = YES_ERROR;
				GCC_WARN_UNDECLARED_SELECTOR = YES;
				GCC_WARN_UNINITIALIZED_AUTOS = YES_AGGRESSIVE;
				GCC_WARN_UNUSED_FUNCTION = YES;
				GCC_WARN_UNUSED_VARIABLE = YES;
				IPHONEOS_DEPLOYMENT_TARGET = 13.4;
				MTL_ENABLE_DEBUG_INFO = NO;
				MTL_FAST_MATH = YES;
				SDKROOT = iphoneos;
				SWIFT_COMPILATION_MODE = wholemodule;
				SWIFT_OPTIMIZATION_LEVEL = "-O";
				VALIDATE_PRODUCT = YES;
			};
			name = Release;
		};
		FD07157E2596E99700940094 /* Debug */ = {
			isa = XCBuildConfiguration;
			baseConfigurationReference = D23F09E174B44478E4702746 /* Pods-Apophis_AppJam.debug.xcconfig */;
			buildSettings = {
				ASSETCATALOG_COMPILER_APPICON_NAME = AppIcon;
				ASSETCATALOG_COMPILER_GLOBAL_ACCENT_COLOR_NAME = AccentColor;
				CODE_SIGN_STYLE = Automatic;
				CURRENT_PROJECT_VERSION = 2020122601;
				DEVELOPMENT_TEAM = L9D5M5DM3Y;
				INFOPLIST_FILE = Apophis_AppJam/Info.plist;
				LD_RUNPATH_SEARCH_PATHS = (
					"$(inherited)",
					"@executable_path/Frameworks",
				);
				MARKETING_VERSION = 1.0.0;
				PRODUCT_BUNDLE_IDENTIFIER = Sopt.Apophis;
				PRODUCT_NAME = "$(TARGET_NAME)";
				SWIFT_VERSION = 5.0;
				TARGETED_DEVICE_FAMILY = 1;
			};
			name = Debug;
		};
		FD07157F2596E99700940094 /* Release */ = {
			isa = XCBuildConfiguration;
			baseConfigurationReference = 2727856C1D01EC217465EB2F /* Pods-Apophis_AppJam.release.xcconfig */;
			buildSettings = {
				ASSETCATALOG_COMPILER_APPICON_NAME = AppIcon;
				ASSETCATALOG_COMPILER_GLOBAL_ACCENT_COLOR_NAME = AccentColor;
				CODE_SIGN_STYLE = Automatic;
				CURRENT_PROJECT_VERSION = 2020122601;
				DEVELOPMENT_TEAM = L9D5M5DM3Y;
				INFOPLIST_FILE = Apophis_AppJam/Info.plist;
				LD_RUNPATH_SEARCH_PATHS = (
					"$(inherited)",
					"@executable_path/Frameworks",
				);
				MARKETING_VERSION = 1.0.0;
				PRODUCT_BUNDLE_IDENTIFIER = Sopt.Apophis;
				PRODUCT_NAME = "$(TARGET_NAME)";
				SWIFT_VERSION = 5.0;
				TARGETED_DEVICE_FAMILY = 1;
			};
			name = Release;
		};
/* End XCBuildConfiguration section */

/* Begin XCConfigurationList section */
		FD0715642596E99700940094 /* Build configuration list for PBXProject "Apophis_AppJam" */ = {
			isa = XCConfigurationList;
			buildConfigurations = (
				FD07157B2596E99700940094 /* Debug */,
				FD07157C2596E99700940094 /* Release */,
			);
			defaultConfigurationIsVisible = 0;
			defaultConfigurationName = Release;
		};
		FD07157D2596E99700940094 /* Build configuration list for PBXNativeTarget "Apophis_AppJam" */ = {
			isa = XCConfigurationList;
			buildConfigurations = (
				FD07157E2596E99700940094 /* Debug */,
				FD07157F2596E99700940094 /* Release */,
			);
			defaultConfigurationIsVisible = 0;
			defaultConfigurationName = Release;
		};
/* End XCConfigurationList section */
	};
	rootObject = FD0715612596E99700940094 /* Project object */;
}
